{
  "originHash" : "4e5d9b75187155a9e0ca6c6e14be16a0095c062b0c82caf376211e55b98d8238",
  "pins" : [
    {
      "identity" : "flatbuffers",
      "kind" : "remoteSourceControl",
      "location" : "https://github.com/google/flatbuffers.git",
      "state" : {
        "revision" : "595bf0007ab1929570c7671f091313c8fc20644e",
        "version" : "24.3.25"
      }
    },
    {
      "identity" : "ios-sdk",
      "kind" : "remoteSourceControl",
      "location" : "https://github.com/statsig-io/ios-sdk.git",
      "state" : {
        "revision" : "af44eda6f02e203d96eb62fa733e23efd231637f",
        "version" : "1.49.0"
      }
    },
    {
      "identity" : "sdk",
      "kind" : "remoteSourceControl",
      "location" : "https://github.com/open-meteo/sdk",
      "state" : {
        "branch" : "main",
        "revision" : "9924b6a8627cd4237fd955445cf3d0b99e1db0bf"
      }
    },
    {
      "identity" : "sentry-cocoa",
      "kind" : "remoteSourceControl",
      "location" : "https://github.com/getsentry/sentry-cocoa",
      "state" : {
        "revision" : "c1404acfa3a71e42aa789c6d5564da59d4377569",
        "version" : "8.42.1"
      }
    }
  ],
  "version" : 3
}
